
Microsoft Visual Studio Solution File, Format Version 12.00
# Visual Studio Version 17
VisualStudioVersion = 17.9.34723.18
MinimumVisualStudioVersion = 10.0.40219.1
Project("{FAE04EC0-301F-11D3-BF4B-00C04F79EFBC}") = "GDKlaba3WordSearcher", "GDKlaba3WordSearcher.csproj", "{DF6FEF0F-2588-4400-922F-3C1CA4B3B721}"
EndProject
Global
	GlobalSection(SolutionConfigurationPlatforms) = preSolution
		Debug|Any CPU = Debug|Any CPU
		Release|Any CPU = Release|Any CPU
	EndGlobalSection
	GlobalSection(ProjectConfigurationPlatforms) = postSolution
		{DF6FEF0F-2588-4400-922F-3C1CA4B3B721}.Debug|Any CPU.ActiveCfg = Debug|Any CPU
		{DF6FEF0F-2588-4400-922F-3C1CA4B3B721}.Debug|Any CPU.Build.0 = Debug|Any CPU
		{DF6FEF0F-2588-4400-922F-3C1CA4B3B721}.Release|Any CPU.ActiveCfg = Release|Any CPU
		{DF6FEF0F-2588-4400-922F-3C1CA4B3B721}.Release|Any CPU.Build.0 = Release|Any CPU
	EndGlobalSection
	GlobalSection(SolutionProperties) = preSolution
		HideSolutionNode = FALSE
	EndGlobalSection
	GlobalSection(ExtensibilityGlobals) = postSolution
		SolutionGuid = {88BDFCD9-6D6D-472D-B0D0-B78EEEDAA12A}
	EndGlobalSection
EndGlobal
